{
  "originHash" : "dfe0517aa3e179f170ada9d800345d4c80865a53245a2bc881036c874786792f",
  "pins" : [
    {
      "identity" : "seekbar",
      "kind" : "remoteSourceControl",
      "location" : "https://github.com/kim-minseong/SeekBar",
      "state" : {
        "revision" : "7f52f9a23e369af77b9d7a3eb5a72083d0e7c6a4",
        "version" : "1.0.0"
      }
    }
  ],
  "version" : 3
}
